
Microsoft Visual Studio Solution File, Format Version 12.00
# Visual Studio 15
Project("{FAE04EC0-301F-11D3-BF4B-00C04F79EFBC}") = "Google.XR.Cardboard", "Google.XR.Cardboard.csproj", "{795FBE7B-00FF-E7A7-9E48-9E9B2A238603}"
EndProject
Project("{FAE04EC0-301F-11D3-BF4B-00C04F79EFBC}") = "Assembly-CSharp", "Assembly-CSharp.csproj", "{63B753BA-3463-ED6B-2146-7E6F2D4CF6A2}"
EndProject
Project("{FAE04EC0-301F-11D3-BF4B-00C04F79EFBC}") = "Google.XR.Cardboard.Editor", "Google.XR.Cardboard.Editor.csproj", "{92319904-CD5D-5D66-0E9E-885B40218F6B}"
EndProject
Global
	GlobalSection(SolutionConfigurationPlatforms) = preSolution
		Debug|Any CPU = Debug|Any CPU
		Release|Any CPU = Release|Any CPU
	EndGlobalSection
	GlobalSection(ProjectConfigurationPlatforms) = postSolution
		{795FBE7B-00FF-E7A7-9E48-9E9B2A238603}.Debug|Any CPU.ActiveCfg = Debug|Any CPU
		{795FBE7B-00FF-E7A7-9E48-9E9B2A238603}.Debug|Any CPU.Build.0 = Debug|Any CPU
		{795FBE7B-00FF-E7A7-9E48-9E9B2A238603}.Release|Any CPU.ActiveCfg = Release|Any CPU
		{795FBE7B-00FF-E7A7-9E48-9E9B2A238603}.Release|Any CPU.Build.0 = Release|Any CPU
		{63B753BA-3463-ED6B-2146-7E6F2D4CF6A2}.Debug|Any CPU.ActiveCfg = Debug|Any CPU
		{63B753BA-3463-ED6B-2146-7E6F2D4CF6A2}.Debug|Any CPU.Build.0 = Debug|Any CPU
		{63B753BA-3463-ED6B-2146-7E6F2D4CF6A2}.Release|Any CPU.ActiveCfg = Release|Any CPU
		{63B753BA-3463-ED6B-2146-7E6F2D4CF6A2}.Release|Any CPU.Build.0 = Release|Any CPU
		{92319904-CD5D-5D66-0E9E-885B40218F6B}.Debug|Any CPU.ActiveCfg = Debug|Any CPU
		{92319904-CD5D-5D66-0E9E-885B40218F6B}.Debug|Any CPU.Build.0 = Debug|Any CPU
		{92319904-CD5D-5D66-0E9E-885B40218F6B}.Release|Any CPU.ActiveCfg = Release|Any CPU
		{92319904-CD5D-5D66-0E9E-885B40218F6B}.Release|Any CPU.Build.0 = Release|Any CPU
	EndGlobalSection
	GlobalSection(SolutionProperties) = preSolution
		HideSolutionNode = FALSE
	EndGlobalSection
EndGlobal
